
Microsoft Visual Studio Solution File, Format Version 11.00
# Visual Studio 2010
Project("{FAE04EC0-301F-11D3-BF4B-00C04F79EFBC}") = "UltraLight", "UltraLight\UltraLight.csproj", "{4AB97BB9-0730-481F-8799-F2C0EC65A4B7}"
EndProject
Project("{FAE04EC0-301F-11D3-BF4B-00C04F79EFBC}") = "UltraLight.Tests", "UltraLight.Tests\UltraLight.Tests.csproj", "{39B08322-FB77-4976-83B2-72C57C1C2A11}"
EndProject
Project("{2150E333-8FDC-42A3-9474-1A3956D46DE8}") = "Solution Items", "Solution Items", "{57868796-8A32-42D9-8188-F20182A0BF3F}"
	ProjectSection(SolutionItems) = preProject
		Local.testsettings = Local.testsettings
		TraceAndTestImpact.testsettings = TraceAndTestImpact.testsettings
		UltraLight.vsmdi = UltraLight.vsmdi
	EndProjectSection
EndProject
Global
	GlobalSection(TestCaseManagementSettings) = postSolution
		CategoryFile = UltraLight.vsmdi
	EndGlobalSection
	GlobalSection(SolutionConfigurationPlatforms) = preSolution
		Debug|Any CPU = Debug|Any CPU
		Release|Any CPU = Release|Any CPU
	EndGlobalSection
	GlobalSection(ProjectConfigurationPlatforms) = postSolution
		{4AB97BB9-0730-481F-8799-F2C0EC65A4B7}.Debug|Any CPU.ActiveCfg = Debug|Any CPU
		{4AB97BB9-0730-481F-8799-F2C0EC65A4B7}.Debug|Any CPU.Build.0 = Debug|Any CPU
		{4AB97BB9-0730-481F-8799-F2C0EC65A4B7}.Release|Any CPU.ActiveCfg = Release|Any CPU
		{4AB97BB9-0730-481F-8799-F2C0EC65A4B7}.Release|Any CPU.Build.0 = Release|Any CPU
		{39B08322-FB77-4976-83B2-72C57C1C2A11}.Debug|Any CPU.ActiveCfg = Debug|Any CPU
		{39B08322-FB77-4976-83B2-72C57C1C2A11}.Debug|Any CPU.Build.0 = Debug|Any CPU
		{39B08322-FB77-4976-83B2-72C57C1C2A11}.Release|Any CPU.ActiveCfg = Release|Any CPU
		{39B08322-FB77-4976-83B2-72C57C1C2A11}.Release|Any CPU.Build.0 = Release|Any CPU
	EndGlobalSection
	GlobalSection(SolutionProperties) = preSolution
		HideSolutionNode = FALSE
	EndGlobalSection
EndGlobal
